{
  "dependencies": {
    "asap": {
      "version": "2.0.6",
      "resolved": "https://registry.npmjs.org/asap/-/asap-2.0.6.tgz",
      "from": "asap@>=2.0.3 <2.1.0"
    },
    "async-busboy": {
      "version": "0.6.2",
      "resolved": "https://registry.npmjs.org/async-busboy/-/async-busboy-0.6.2.tgz",
      "from": "async-busboy@0.6.2"
    },
    "attr-accept": {
      "version": "1.1.0",
      "resolved": "https://registry.npmjs.org/attr-accept/-/attr-accept-1.1.0.tgz",
      "from": "attr-accept@>=1.0.3 <2.0.0"
    },
    "brackets2dots": {
      "version": "1.1.0",
      "resolved": "https://registry.npmjs.org/brackets2dots/-/brackets2dots-1.1.0.tgz",
      "from": "brackets2dots@1.1.0"
    },
    "busboy": {
      "version": "0.2.14",
      "resolved": "https://registry.npmjs.org/busboy/-/busboy-0.2.14.tgz",
      "from": "busboy@>=0.2.12 <0.3.0"
    },
    "core-js": {
      "version": "1.2.7",
      "resolved": "https://registry.npmjs.org/core-js/-/core-js-1.2.7.tgz",
      "from": "core-js@>=1.0.0 <2.0.0"
    },
    "core-util-is": {
      "version": "1.0.2",
      "resolved": "https://registry.npmjs.org/core-util-is/-/core-util-is-1.0.2.tgz",
      "from": "core-util-is@>=1.0.0 <1.1.0"
    },
    "dicer": {
      "version": "0.2.5",
      "resolved": "https://registry.npmjs.org/dicer/-/dicer-0.2.5.tgz",
      "from": "dicer@0.2.5"
    },
    "encoding": {
      "version": "0.1.12",
      "resolved": "https://registry.npmjs.org/encoding/-/encoding-0.1.12.tgz",
      "from": "encoding@>=0.1.11 <0.2.0"
    },
    "fbjs": {
      "version": "0.8.16",
      "resolved": "https://registry.npmjs.org/fbjs/-/fbjs-0.8.16.tgz",
      "from": "fbjs@>=0.8.16 <0.9.0"
    },
    "iconv-lite": {
      "version": "0.4.19",
      "resolved": "https://registry.npmjs.org/iconv-lite/-/iconv-lite-0.4.19.tgz",
      "from": "iconv-lite@>=0.4.13 <0.5.0"
    },
    "inherits": {
      "version": "2.0.3",
      "resolved": "https://registry.npmjs.org/inherits/-/inherits-2.0.3.tgz",
      "from": "inherits@>=2.0.1 <2.1.0"
    },
    "is-stream": {
      "version": "1.1.0",
      "resolved": "https://registry.npmjs.org/is-stream/-/is-stream-1.1.0.tgz",
      "from": "is-stream@>=1.0.1 <2.0.0"
    },
    "isarray": {
      "version": "0.0.1",
      "resolved": "https://registry.npmjs.org/isarray/-/isarray-0.0.1.tgz",
      "from": "isarray@0.0.1"
    },
    "isomorphic-fetch": {
      "version": "2.2.1",
      "resolved": "https://registry.npmjs.org/isomorphic-fetch/-/isomorphic-fetch-2.2.1.tgz",
      "from": "isomorphic-fetch@>=2.1.1 <3.0.0"
    },
    "js-tokens": {
      "version": "3.0.2",
      "resolved": "https://registry.npmjs.org/js-tokens/-/js-tokens-3.0.2.tgz",
      "from": "js-tokens@>=3.0.0 <4.0.0"
    },
    "loose-envify": {
      "version": "1.3.1",
      "resolved": "https://registry.npmjs.org/loose-envify/-/loose-envify-1.3.1.tgz",
      "from": "loose-envify@>=1.3.1 <2.0.0"
    },
    "node-fetch": {
      "version": "1.7.3",
      "resolved": "https://registry.npmjs.org/node-fetch/-/node-fetch-1.7.3.tgz",
      "from": "node-fetch@>=1.0.1 <2.0.0"
    },
    "object-assign": {
      "version": "4.1.1",
      "resolved": "https://registry.npmjs.org/object-assign/-/object-assign-4.1.1.tgz",
      "from": "object-assign@>=4.1.1 <5.0.0"
    },
    "object-path": {
      "version": "0.11.4",
      "resolved": "https://registry.npmjs.org/object-path/-/object-path-0.11.4.tgz",
      "from": "object-path@0.11.4"
    },
    "promise": {
      "version": "7.3.1",
      "resolved": "https://registry.npmjs.org/promise/-/promise-7.3.1.tgz",
      "from": "promise@>=7.1.1 <8.0.0"
    },
    "prop-types": {
      "version": "15.6.0",
      "resolved": "https://registry.npmjs.org/prop-types/-/prop-types-15.6.0.tgz",
      "from": "prop-types@>=15.5.7 <16.0.0"
    },
    "react-dropzone": {
      "version": "4.1.3",
      "resolved": "https://registry.npmjs.org/react-dropzone/-/react-dropzone-4.1.3.tgz",
      "from": "react-dropzone@4.1.3"
    },
    "readable-stream": {
      "version": "1.1.14",
      "resolved": "https://registry.npmjs.org/readable-stream/-/readable-stream-1.1.14.tgz",
      "from": "readable-stream@>=1.1.0 <1.2.0"
    },
    "recursive-iterator": {
      "version": "3.3.0",
      "resolved": "https://registry.npmjs.org/recursive-iterator/-/recursive-iterator-3.3.0.tgz",
      "from": "recursive-iterator@3.3.0"
    },
    "setimmediate": {
      "version": "1.0.5",
      "resolved": "https://registry.npmjs.org/setimmediate/-/setimmediate-1.0.5.tgz",
      "from": "setimmediate@>=1.0.5 <2.0.0"
    },
    "streamsearch": {
      "version": "0.1.2",
      "resolved": "https://registry.npmjs.org/streamsearch/-/streamsearch-0.1.2.tgz",
      "from": "streamsearch@0.1.2"
    },
    "string_decoder": {
      "version": "0.10.31",
      "resolved": "https://registry.npmjs.org/string_decoder/-/string_decoder-0.10.31.tgz",
      "from": "string_decoder@>=0.10.0 <0.11.0"
    },
    "ua-parser-js": {
      "version": "0.7.14",
      "resolved": "https://registry.npmjs.org/ua-parser-js/-/ua-parser-js-0.7.14.tgz",
      "from": "ua-parser-js@>=0.7.9 <0.8.0"
    },
    "whatwg-fetch": {
      "version": "2.0.3",
      "resolved": "https://registry.npmjs.org/whatwg-fetch/-/whatwg-fetch-2.0.3.tgz",
      "from": "whatwg-fetch@>=0.10.0"
    }
  }
}
